
Microsoft Visual Studio Solution File, Format Version 12.00
# Visual Studio 15
VisualStudioVersion = 15.0.27703.2026
MinimumVisualStudioVersion = 10.0.40219.1
Project("{FAE04EC0-301F-11D3-BF4B-00C04F79EFBC}") = "LoginService", "LoginService\LoginService.csproj", "{7EF0C0AD-1EC1-496E-9692-FED5F49A2324}"
EndProject
Project("{FAE04EC0-301F-11D3-BF4B-00C04F79EFBC}") = "AppCore", "AppCore\AppCore.csproj", "{B0F184B8-6336-4F7C-8A67-54ACAB86495D}"
EndProject
Global
	GlobalSection(SolutionConfigurationPlatforms) = preSolution
		Debug|Any CPU = Debug|Any CPU
		Release|Any CPU = Release|Any CPU
	EndGlobalSection
	GlobalSection(ProjectConfigurationPlatforms) = postSolution
		{7EF0C0AD-1EC1-496E-9692-FED5F49A2324}.Debug|Any CPU.ActiveCfg = Debug|Any CPU
		{7EF0C0AD-1EC1-496E-9692-FED5F49A2324}.Debug|Any CPU.Build.0 = Debug|Any CPU
		{7EF0C0AD-1EC1-496E-9692-FED5F49A2324}.Release|Any CPU.ActiveCfg = Release|Any CPU
		{7EF0C0AD-1EC1-496E-9692-FED5F49A2324}.Release|Any CPU.Build.0 = Release|Any CPU
		{B0F184B8-6336-4F7C-8A67-54ACAB86495D}.Debug|Any CPU.ActiveCfg = Debug|Any CPU
		{B0F184B8-6336-4F7C-8A67-54ACAB86495D}.Debug|Any CPU.Build.0 = Debug|Any CPU
		{B0F184B8-6336-4F7C-8A67-54ACAB86495D}.Release|Any CPU.ActiveCfg = Release|Any CPU
		{B0F184B8-6336-4F7C-8A67-54ACAB86495D}.Release|Any CPU.Build.0 = Release|Any CPU
	EndGlobalSection
	GlobalSection(SolutionProperties) = preSolution
		HideSolutionNode = FALSE
	EndGlobalSection
	GlobalSection(ExtensibilityGlobals) = postSolution
		SolutionGuid = {5D9B693A-F1AF-48C7-A758-0EC35DB7FF2D}
	EndGlobalSection
EndGlobal
